
Microsoft Visual Studio Solution File, Format Version 12.00
# Visual Studio Version 16
VisualStudioVersion = 16.0.30621.155
MinimumVisualStudioVersion = 10.0.40219.1
Project("{9A19103F-16F7-4668-BE54-9A1E7A4F7556}") = "ScepClientCore", "ScepClient.csproj", "{9C04FF53-4C58-4A31-B6CA-663BE8F2B97A}"
EndProject
Global
	GlobalSection(SolutionConfigurationPlatforms) = preSolution
		Debug|Any CPU = Debug|Any CPU
		Release|Any CPU = Release|Any CPU
	EndGlobalSection
	GlobalSection(ProjectConfigurationPlatforms) = postSolution
		{9C04FF53-4C58-4A31-B6CA-663BE8F2B97A}.Debug|Any CPU.ActiveCfg = Debug|Any CPU
		{9C04FF53-4C58-4A31-B6CA-663BE8F2B97A}.Debug|Any CPU.Build.0 = Debug|Any CPU
		{9C04FF53-4C58-4A31-B6CA-663BE8F2B97A}.Release|Any CPU.ActiveCfg = Release|Any CPU
		{9C04FF53-4C58-4A31-B6CA-663BE8F2B97A}.Release|Any CPU.Build.0 = Release|Any CPU
		{04149217-C827-4818-80E0-36BF84F98D8C}.Debug|Any CPU.ActiveCfg = Debug|Any CPU
		{04149217-C827-4818-80E0-36BF84F98D8C}.Debug|Any CPU.Build.0 = Debug|Any CPU
		{04149217-C827-4818-80E0-36BF84F98D8C}.Release|Any CPU.ActiveCfg = Release|Any CPU
		{04149217-C827-4818-80E0-36BF84F98D8C}.Release|Any CPU.Build.0 = Release|Any CPU
	EndGlobalSection
	GlobalSection(SolutionProperties) = preSolution
		HideSolutionNode = FALSE
	EndGlobalSection
	GlobalSection(ExtensibilityGlobals) = postSolution
		SolutionGuid = {86842106-0658-4102-9311-EADC3A3155F6}
	EndGlobalSection
EndGlobal
